
Microsoft Visual Studio Solution File, Format Version 12.00
# Visual Studio Version 17
VisualStudioVersion = 17.2.32630.192
MinimumVisualStudioVersion = 10.0.40219.1
Project("{9A19103F-16F7-4668-BE54-9A1E7A4F7556}") = "R5T.S0053", "R5T.S0053\R5T.S0053.csproj", "{5874E74A-F573-4716-831D-9334AA2E110F}"
EndProject
Project("{2150E333-8FDC-42A3-9474-1A3956D46DE8}") = "_Dependencies", "_Dependencies", "{DA096FBE-80AA-42A3-BBAF-AAB92E871AC8}"
EndProject
Project("{9A19103F-16F7-4668-BE54-9A1E7A4F7556}") = "R5T.F0085", "..\..\R5T.F0085\source\R5T.F0085\R5T.F0085.csproj", "{98802F64-4BC2-40B3-984A-378B51651D42}"
EndProject
Project("{9A19103F-16F7-4668-BE54-9A1E7A4F7556}") = "R5T.F0087", "..\..\R5T.F0087\source\R5T.F0087\R5T.F0087.csproj", "{DC903C1D-E044-4FF3-9E98-2F3767D6FB78}"
EndProject
Project("{9A19103F-16F7-4668-BE54-9A1E7A4F7556}") = "R5T.F0050", "..\..\R5T.F0050\source\R5T.F0050\R5T.F0050.csproj", "{13FB1985-E4C5-46C1-878A-73CDF1F11B4C}"
EndProject
Project("{9A19103F-16F7-4668-BE54-9A1E7A4F7556}") = "R5T.F0052", "..\..\R5T.F0052\source\R5T.F0052\R5T.F0052.csproj", "{89FAD288-6A74-470F-A9F9-02CEFD8AF027}"
EndProject
Project("{9A19103F-16F7-4668-BE54-9A1E7A4F7556}") = "R5T.F0055", "..\..\R5T.F0055\source\R5T.F0055\R5T.F0055.csproj", "{9EE0FD7B-9B1D-4B89-AB2B-6ED31BEBA7DC}"
EndProject
Project("{9A19103F-16F7-4668-BE54-9A1E7A4F7556}") = "R5T.F0084", "..\..\R5T.F0084\source\R5T.F0084\R5T.F0084.csproj", "{8A343918-F0C4-455E-86BC-383C33436F7C}"
EndProject
Project("{9A19103F-16F7-4668-BE54-9A1E7A4F7556}") = "R5T.F0000", "..\..\R5T.F0000\source\R5T.F0000\R5T.F0000.csproj", "{D465EAE8-B47F-42AF-A7E1-80807D281B8C}"
EndProject
Project("{9A19103F-16F7-4668-BE54-9A1E7A4F7556}") = "R5T.F0002", "..\..\R5T.F0002\source\R5T.F0002\R5T.F0002.csproj", "{422BD4D3-74FB-432D-B424-29370A066BB8}"
EndProject
Project("{9A19103F-16F7-4668-BE54-9A1E7A4F7556}") = "R5T.F0020", "..\..\R5T.F0020\source\R5T.F0020\R5T.F0020.csproj", "{B483D2E2-6CA9-4712-9998-D91A6A27B806}"
EndProject
Project("{9A19103F-16F7-4668-BE54-9A1E7A4F7556}") = "R5T.F0024.T001", "..\..\R5T.F0024\source\R5T.F0024.T001\R5T.F0024.T001.csproj", "{C4C53B1C-0B13-4B41-8B2D-308A0236D2FE}"
EndProject
Project("{9A19103F-16F7-4668-BE54-9A1E7A4F7556}") = "R5T.F0024", "..\..\R5T.F0024\source\R5T.F0024\R5T.F0024.csproj", "{0505641B-0D1D-4144-892D-4048E6B0998B}"
EndProject
Project("{9A19103F-16F7-4668-BE54-9A1E7A4F7556}") = "R5T.F0040.F000", "..\..\R5T.F0040\source\R5T.F0040.F000\R5T.F0040.F000.csproj", "{5BF741D2-1ECE-436D-98C6-53244554C8C3}"
EndProject
Project("{9A19103F-16F7-4668-BE54-9A1E7A4F7556}") = "R5T.F0044", "..\..\R5T.F0044\source\R5T.F0044\R5T.F0044.csproj", "{AECD3277-B6E3-45A7-A2D3-BAA1AD779D94}"
EndProject
Project("{9A19103F-16F7-4668-BE54-9A1E7A4F7556}") = "R5T.F0053", "..\..\R5T.F0053\source\R5T.F0053\R5T.F0053.csproj", "{4C08B625-7378-4D24-86EA-C24E75194882}"
EndProject
Project("{9A19103F-16F7-4668-BE54-9A1E7A4F7556}") = "R5T.F0054", "..\..\R5T.F0054\source\R5T.F0054\R5T.F0054.csproj", "{213995FB-D833-4CCC-A49D-0FCD781277FF}"
EndProject
Project("{9A19103F-16F7-4668-BE54-9A1E7A4F7556}") = "R5T.F0081", "..\..\R5T.F0081\source\R5T.F0081\R5T.F0081.csproj", "{D85E3BE0-4C0F-49CF-A93C-A5A30B2E38BB}"
EndProject
Project("{9A19103F-16F7-4668-BE54-9A1E7A4F7556}") = "R5T.F0083.R001", "..\..\R5T.F0083\source\R5T.F0083.R001\R5T.F0083.R001.csproj", "{30EAE6A3-FB67-4289-8893-C5211F9E4BA3}"
EndProject
Project("{9A19103F-16F7-4668-BE54-9A1E7A4F7556}") = "R5T.F0083", "..\..\R5T.F0083\source\R5T.F0083\R5T.F0083.csproj", "{E4632208-9D72-4104-97C8-982609078509}"
EndProject
Project("{9A19103F-16F7-4668-BE54-9A1E7A4F7556}") = "R5T.F0086", "..\..\R5T.F0086\source\R5T.F0086\R5T.F0086.csproj", "{39D26E81-B04A-4F87-B5C2-83DE59AF27C4}"
EndProject
Project("{9A19103F-16F7-4668-BE54-9A1E7A4F7556}") = "R5T.NG0009", "..\..\R5T.NG0009\source\R5T.NG0009\R5T.NG0009.csproj", "{10D22AE3-D38E-431D-B8AA-856685440740}"
EndProject
Project("{9A19103F-16F7-4668-BE54-9A1E7A4F7556}") = "R5T.T0131", "..\..\R5T.T0131\source\R5T.T0131\R5T.T0131.csproj", "{74BE723A-7BAF-4B94-8F9D-70B3696890D0}"
EndProject
Project("{9A19103F-16F7-4668-BE54-9A1E7A4F7556}") = "R5T.T0132", "..\..\R5T.T0132\source\R5T.T0132\R5T.T0132.csproj", "{11A53F88-35D0-40AC-BC45-14491D4FE1AC}"
EndProject
Project("{9A19103F-16F7-4668-BE54-9A1E7A4F7556}") = "R5T.T0142", "..\..\R5T.T0142\source\R5T.T0142\R5T.T0142.csproj", "{57FE58DF-17F4-4F5D-907F-5A4CF5B336D0}"
EndProject
Project("{9A19103F-16F7-4668-BE54-9A1E7A4F7556}") = "R5T.T0143", "..\..\R5T.T0143\source\R5T.T0143\R5T.T0143.csproj", "{A67FCB1E-821E-4B21-A8C4-A458B095C6CB}"
EndProject
Project("{9A19103F-16F7-4668-BE54-9A1E7A4F7556}") = "R5T.T0152", "..\..\R5T.T0152\source\R5T.T0152\R5T.T0152.csproj", "{44B2D200-DC07-476E-9657-7AA26EBE2EF9}"
EndProject
Project("{9A19103F-16F7-4668-BE54-9A1E7A4F7556}") = "R5T.Y0000", "..\..\R5T.Y0000\source\R5T.Y0000\R5T.Y0000.csproj", "{5B808495-C94F-4353-AC8D-54950799529F}"
EndProject
Project("{9A19103F-16F7-4668-BE54-9A1E7A4F7556}") = "R5T.Z0000", "..\..\R5T.Z0000\source\R5T.Z0000\R5T.Z0000.csproj", "{E4A234D3-CBB8-4798-A751-474A132A7DA4}"
EndProject
Project("{9A19103F-16F7-4668-BE54-9A1E7A4F7556}") = "R5T.Z0009", "..\..\R5T.Z0009\source\R5T.Z0009\R5T.Z0009.csproj", "{0356194F-D195-469D-97F8-DF01E912651E}"
EndProject
Project("{9A19103F-16F7-4668-BE54-9A1E7A4F7556}") = "R5T.Z0018", "..\..\R5T.Z0018.Private\source\R5T.Z0018\R5T.Z0018.csproj", "{ECC22D2E-CDCD-489C-9014-B319755C6B95}"
EndProject
Project("{9A19103F-16F7-4668-BE54-9A1E7A4F7556}") = "R5T.Z0020", "..\..\R5T.Z0020\source\R5T.Z0020\R5T.Z0020.csproj", "{624F5328-5BB3-459A-B211-17CBFCF0B30D}"
EndProject
Project("{9A19103F-16F7-4668-BE54-9A1E7A4F7556}") = "R5T.F0033", "..\..\R5T.F0033\source\R5T.F0033\R5T.F0033.csproj", "{9EEE1C3C-4AF3-4770-9592-F246DA9848EF}"
EndProject
Project("{9A19103F-16F7-4668-BE54-9A1E7A4F7556}") = "R5T.F0034", "..\..\R5T.F0034\source\R5T.F0034\R5T.F0034.csproj", "{0E43BA74-4F6D-409C-87E2-9EFABD50F9F0}"
EndProject
Project("{9A19103F-16F7-4668-BE54-9A1E7A4F7556}") = "R5T.F0088", "..\..\R5T.F0088\source\R5T.F0088\R5T.F0088.csproj", "{ED301E13-9531-4AFC-BC4A-A4CCFBB07608}"
EndProject
Project("{9A19103F-16F7-4668-BE54-9A1E7A4F7556}") = "R5T.F0063", "..\..\R5T.F0063\source\R5T.F0063\R5T.F0063.csproj", "{BE4E6DCC-4CE8-41B3-85CC-89AA045E0437}"
EndProject
Project("{9A19103F-16F7-4668-BE54-9A1E7A4F7556}") = "R5T.T0153.Z001", "..\..\R5T.T0153\source\R5T.T0153.Z001\R5T.T0153.Z001.csproj", "{F027FA48-BFF5-4421-8F34-6DC796EAA5E7}"
EndProject
Project("{9A19103F-16F7-4668-BE54-9A1E7A4F7556}") = "R5T.F0089", "..\..\R5T.F0089\source\R5T.F0089\R5T.F0089.csproj", "{77264272-E52E-4DFC-832E-F11C283AA269}"
EndProject
Project("{9A19103F-16F7-4668-BE54-9A1E7A4F7556}") = "R5T.F0016.F001", "..\..\R5T.F0016\source\R5T.F0016.F001\R5T.F0016.F001.csproj", "{48DA74C5-74FC-405D-A86A-F98094FD18CA}"
EndProject
Project("{9A19103F-16F7-4668-BE54-9A1E7A4F7556}") = "R5T.F0016", "..\..\R5T.F0016\source\R5T.F0016\R5T.F0016.csproj", "{C6CBA9C1-71D4-412D-8DB6-8FA9D0896119}"
EndProject
Project("{9A19103F-16F7-4668-BE54-9A1E7A4F7556}") = "R5T.F0046", "..\..\R5T.F0046\source\R5T.F0046\R5T.F0046.csproj", "{DCE0E110-A44C-4A04-B337-6A73D34908BE}"
EndProject
Project("{9A19103F-16F7-4668-BE54-9A1E7A4F7556}") = "R5T.F0047", "..\..\R5T.F0047\source\R5T.F0047\R5T.F0047.csproj", "{A252AB4F-D8D4-471F-9D4D-707456C0354E}"
EndProject
Project("{9A19103F-16F7-4668-BE54-9A1E7A4F7556}") = "R5T.F0048", "..\..\R5T.F0048\source\R5T.F0048\R5T.F0048.csproj", "{57794C4D-04F7-4CB0-9BAE-5584FBDC14B4}"
EndProject
Project("{9A19103F-16F7-4668-BE54-9A1E7A4F7556}") = "R5T.F0057", "..\..\R5T.F0057\source\R5T.F0057\R5T.F0057.csproj", "{802E493E-A36F-498F-B271-EA5FFABFD546}"
EndProject
Project("{9A19103F-16F7-4668-BE54-9A1E7A4F7556}") = "R5T.F0063.F001", "..\..\R5T.F0063\source\R5T.F0063.F001\R5T.F0063.F001.csproj", "{7628F0B1-9426-4CB4-8260-E363B7C3F15A}"
EndProject
Project("{9A19103F-16F7-4668-BE54-9A1E7A4F7556}") = "R5T.F0078", "..\..\R5T.F0078\source\R5T.F0078\R5T.F0078.csproj", "{E63210A1-11DD-4984-B59A-1998C62807F5}"
EndProject
Project("{9A19103F-16F7-4668-BE54-9A1E7A4F7556}") = "R5T.NG0014", "..\..\R5T.NG0014\source\R5T.NG0014\R5T.NG0014.csproj", "{BAA80010-6573-440E-A460-66B8C642DEFB}"
EndProject
Project("{9A19103F-16F7-4668-BE54-9A1E7A4F7556}") = "R5T.T0153", "..\..\R5T.T0153\source\R5T.T0153\R5T.T0153.csproj", "{D94A44AB-F17F-4672-A410-F5EB267D0876}"
EndProject
Project("{9A19103F-16F7-4668-BE54-9A1E7A4F7556}") = "R5T.Z0013", "..\..\R5T.Z0013\source\R5T.Z0013\R5T.Z0013.csproj", "{C71A3B66-152E-40B1-B099-53C6BBCA6413}"
EndProject
Project("{9A19103F-16F7-4668-BE54-9A1E7A4F7556}") = "R5T.Z0023", "..\..\R5T.Z0023\source\R5T.Z0023\R5T.Z0023.csproj", "{05C818F0-8C11-4F53-80B4-A84AF7A46F93}"
EndProject
Project("{9A19103F-16F7-4668-BE54-9A1E7A4F7556}") = "R5T.F0032", "..\..\R5T.F0032\source\R5T.F0032\R5T.F0032.csproj", "{2A025770-389A-4A15-96A5-F28ED03F621A}"
EndProject
Project("{9A19103F-16F7-4668-BE54-9A1E7A4F7556}") = "R5T.F0041", "..\..\R5T.F0041\source\R5T.F0041\R5T.F0041.csproj", "{4B392534-B5BD-4526-A1A5-E74B0F137671}"
EndProject
Project("{9A19103F-16F7-4668-BE54-9A1E7A4F7556}") = "R5T.F0091", "..\..\R5T.F0091\source\R5T.F0091\R5T.F0091.csproj", "{24BAEA02-38EB-4920-8392-D25765A78A17}"
EndProject
Project("{9A19103F-16F7-4668-BE54-9A1E7A4F7556}") = "R5T.F0094", "..\..\R5T.F0094\source\R5T.F0094\R5T.F0094.csproj", "{5B9AC8D2-049B-473A-8B5D-80139E1A5FBE}"
EndProject
Project("{9A19103F-16F7-4668-BE54-9A1E7A4F7556}") = "R5T.F0095", "..\..\R5T.F0095\source\R5T.F0095\R5T.F0095.csproj", "{961758FB-0521-4EC5-BA3A-AF8D63976BB5}"
EndProject
Project("{9A19103F-16F7-4668-BE54-9A1E7A4F7556}") = "R5T.L0026.T000", "..\..\R5T.L0026\source\R5T.L0026.T000\R5T.L0026.T000.csproj", "{ACB180CB-11BE-4D6A-AB6E-77490110B5B1}"
EndProject
Project("{9A19103F-16F7-4668-BE54-9A1E7A4F7556}") = "R5T.L0026", "..\..\R5T.L0026\source\R5T.L0026\R5T.L0026.csproj", "{F82B9FAB-8D6C-46C4-B6F6-7C73BF77E391}"
EndProject
Project("{9A19103F-16F7-4668-BE54-9A1E7A4F7556}") = "R5T.NG0005", "..\..\R5T.NG0005\source\R5T.NG0005\R5T.NG0005.csproj", "{9262DC3C-5631-4F28-82B1-039ED7EED08B}"
EndProject
Project("{9A19103F-16F7-4668-BE54-9A1E7A4F7556}") = "R5T.NG0006", "..\..\R5T.NG0006\source\R5T.NG0006\R5T.NG0006.csproj", "{E0365177-94F5-4F69-B7B3-22384C306ACF}"
EndProject
Project("{9A19103F-16F7-4668-BE54-9A1E7A4F7556}") = "R5T.NG0008", "..\..\R5T.NG0008\source\R5T.NG0008\R5T.NG0008.csproj", "{2C749A1E-6C80-46EB-8396-84929AD22299}"
EndProject
Project("{9A19103F-16F7-4668-BE54-9A1E7A4F7556}") = "R5T.T0046", "..\..\R5T.T0046\source\R5T.T0046\R5T.T0046.csproj", "{46D07A78-2FED-46A7-8905-7DA7316F1D8B}"
EndProject
Project("{9A19103F-16F7-4668-BE54-9A1E7A4F7556}") = "R5T.T0144", "..\..\R5T.T0144\source\R5T.T0144\R5T.T0144.csproj", "{C95FF20D-6443-466B-A68D-17C542A5C32A}"
EndProject
Project("{9A19103F-16F7-4668-BE54-9A1E7A4F7556}") = "R5T.T0154", "..\..\R5T.T0154\source\R5T.T0154\R5T.T0154.csproj", "{9041E9CE-A090-436E-B208-E1C68B7D7F00}"
EndProject
Project("{9A19103F-16F7-4668-BE54-9A1E7A4F7556}") = "R5T.T0156", "..\..\R5T.T0156\source\R5T.T0156\R5T.T0156.csproj", "{9A183764-D099-4946-9EAC-E7BC592E167E}"
EndProject
Project("{9A19103F-16F7-4668-BE54-9A1E7A4F7556}") = "R5T.Y0004", "..\..\R5T.Y0004\source\R5T.Y0004\R5T.Y0004.csproj", "{47F78BE7-4793-424C-A0C0-19A910F83297}"
EndProject
Project("{9A19103F-16F7-4668-BE54-9A1E7A4F7556}") = "R5T.Z0006", "..\..\R5T.Z0006\source\R5T.Z0006\R5T.Z0006.csproj", "{C90E7A41-B192-4740-A088-0C3B2B763ACC}"
EndProject
Project("{9A19103F-16F7-4668-BE54-9A1E7A4F7556}") = "R5T.Z0007", "..\..\R5T.Z0007\source\R5T.Z0007\R5T.Z0007.csproj", "{9111DB04-A470-4365-BCFC-0B2EFA53B2ED}"
EndProject
Project("{9A19103F-16F7-4668-BE54-9A1E7A4F7556}") = "R5T.F0120", "..\..\R5T.F0120\source\R5T.F0120\R5T.F0120.csproj", "{5F79BB7F-7675-45DD-8099-4EC226C8EBC6}"
EndProject
Project("{9A19103F-16F7-4668-BE54-9A1E7A4F7556}") = "R5T.F0124", "..\..\R5T.F0124\source\R5T.F0124\R5T.F0124.csproj", "{24C49877-B144-45DD-9E83-125231E83DE0}"
EndProject
Project("{9A19103F-16F7-4668-BE54-9A1E7A4F7556}") = "R5T.NG0022", "..\..\R5T.NG0022\source\R5T.NG0022\R5T.NG0022.csproj", "{80AAFE60-1878-4C25-A3FC-DE73F86EA7F1}"
EndProject
Project("{9A19103F-16F7-4668-BE54-9A1E7A4F7556}") = "R5T.T0174", "..\..\R5T.T0174\source\R5T.T0174\R5T.T0174.csproj", "{8A4E126D-729E-456B-8DB1-F67AC5ED6969}"
EndProject
Project("{9A19103F-16F7-4668-BE54-9A1E7A4F7556}") = "R5T.T0176", "..\..\R5T.T0176\source\R5T.T0176\R5T.T0176.csproj", "{7F76D973-0545-4722-8DD6-4B7198F52456}"
EndProject
Project("{9A19103F-16F7-4668-BE54-9A1E7A4F7556}") = "R5T.T0177", "..\..\R5T.T0177\source\R5T.T0177\R5T.T0177.csproj", "{9CEDC4C1-1D60-4C76-953F-F23396F4AF3E}"
EndProject
Project("{9A19103F-16F7-4668-BE54-9A1E7A4F7556}") = "R5T.T0178", "..\..\R5T.T0178\source\R5T.T0178\R5T.T0178.csproj", "{9444516F-9DC0-4FD4-A687-B7685001344E}"
EndProject
Project("{9A19103F-16F7-4668-BE54-9A1E7A4F7556}") = "R5T.T0179", "..\..\R5T.T0179\source\R5T.T0179\R5T.T0179.csproj", "{5A4C7BB2-33C2-4A58-B40C-8B9B67061BD2}"
EndProject
Project("{9A19103F-16F7-4668-BE54-9A1E7A4F7556}") = "R5T.T0180", "..\..\R5T.T0180\source\R5T.T0180\R5T.T0180.csproj", "{88B48603-1215-47C3-8D35-21B7ECD0DDB6}"
EndProject
Project("{9A19103F-16F7-4668-BE54-9A1E7A4F7556}") = "R5T.T0181", "..\..\R5T.T0181\source\R5T.T0181\R5T.T0181.csproj", "{C7ED6156-71F1-4B66-A8D8-EF5257A92E9C}"
EndProject
Project("{9A19103F-16F7-4668-BE54-9A1E7A4F7556}") = "R5T.T0185", "..\..\R5T.T0185\source\R5T.T0185\R5T.T0185.csproj", "{E44C66E8-8FD9-41FF-86DF-5A3F7485C07E}"
EndProject
Project("{9A19103F-16F7-4668-BE54-9A1E7A4F7556}") = "R5T.T0199", "..\..\R5T.T0199\source\R5T.T0199\R5T.T0199.csproj", "{F8EC88D1-607C-4848-A0DE-8D4DC4C22A80}"
EndProject
Project("{9A19103F-16F7-4668-BE54-9A1E7A4F7556}") = "R5T.T0209", "..\..\R5T.T0209\source\R5T.T0209\R5T.T0209.csproj", "{F1F9EC26-4716-4ACF-84BA-9299ED9C44ED}"
EndProject
Project("{9A19103F-16F7-4668-BE54-9A1E7A4F7556}") = "R5T.T0220", "..\..\R5T.T0220\source\R5T.T0220\R5T.T0220.csproj", "{53E75506-5112-4DE3-9FE3-85F6ADBB8C63}"
EndProject
Project("{9A19103F-16F7-4668-BE54-9A1E7A4F7556}") = "R5T.T0221", "..\..\R5T.T0221\source\R5T.T0221\R5T.T0221.csproj", "{93DA503B-484E-4F0B-A23F-E8967A374A31}"
EndProject
Project("{9A19103F-16F7-4668-BE54-9A1E7A4F7556}") = "R5T.F0033.Platform", "..\..\R5T.F0033\source\R5T.F0033.Platform\R5T.F0033.Platform.csproj", "{3B43C3DF-75FB-4870-A6CD-5A3258BEDEC1}"
EndProject
Project("{9A19103F-16F7-4668-BE54-9A1E7A4F7556}") = "R5T.L0053", "..\..\R5T.L0053\source\R5T.L0053\R5T.L0053.csproj", "{2AC1DCB7-C7A2-484E-A844-0A99F662257E}"
EndProject
Project("{9A19103F-16F7-4668-BE54-9A1E7A4F7556}") = "R5T.Z0010.Platform", "..\..\R5T.Z0010\source\R5T.Z0010.Platform\R5T.Z0010.Platform.csproj", "{4B391778-6A66-48A5-9B1E-F9ABA46B8C5E}"
EndProject
Project("{9A19103F-16F7-4668-BE54-9A1E7A4F7556}") = "R5T.F0034.Platform", "..\..\R5T.F0034\source\R5T.F0034.Platform\R5T.F0034.Platform.csproj", "{755BA441-24FE-4FC7-9973-735F560FDECA}"
EndProject
Project("{9A19103F-16F7-4668-BE54-9A1E7A4F7556}") = "R5T.L0066", "..\..\R5T.L0066\source\R5T.L0066\R5T.L0066.csproj", "{9ABCAAAF-5D7F-4012-96B9-CE212F9C7F53}"
EndProject
Project("{9A19103F-16F7-4668-BE54-9A1E7A4F7556}") = "R5T.Y0006", "..\..\R5T.Y0006\source\R5T.Y0006\R5T.Y0006.csproj", "{36315A57-D72A-40BF-BA37-B0D11E5C016C}"
EndProject
Project("{9A19103F-16F7-4668-BE54-9A1E7A4F7556}") = "R5T.L0071", "..\..\R5T.L0071\source\R5T.L0071\R5T.L0071.csproj", "{14D8568F-E5DD-4304-861B-37CD3EADD5E5}"
EndProject
Project("{9A19103F-16F7-4668-BE54-9A1E7A4F7556}") = "R5T.T0199.T000", "..\..\R5T.T0199\source\R5T.T0199.T000\R5T.T0199.T000.csproj", "{E49AC47A-F621-4AA4-982A-98EB55244B53}"
EndProject
Project("{9A19103F-16F7-4668-BE54-9A1E7A4F7556}") = "R5T.T0199.T001", "..\..\R5T.T0199\source\R5T.T0199.T001\R5T.T0199.T001.csproj", "{206ED235-0FDC-4FC8-A3A2-12C47B167C6A}"
EndProject
Project("{9A19103F-16F7-4668-BE54-9A1E7A4F7556}") = "R5T.F0024.F001", "..\..\R5T.F0024\source\R5T.F0024.F001\R5T.F0024.F001.csproj", "{76A7BB13-3645-4379-BC83-93638212A271}"
EndProject
Project("{9A19103F-16F7-4668-BE54-9A1E7A4F7556}") = "R5T.L0089.F000", "..\..\R5T.L0089\source\R5T.L0089.F000\R5T.L0089.F000.csproj", "{7E478869-5E75-4345-9E0A-ADA63F39BB79}"
EndProject
Project("{9A19103F-16F7-4668-BE54-9A1E7A4F7556}") = "R5T.L0089.T000", "..\..\R5T.L0089\source\R5T.L0089.T000\R5T.L0089.T000.csproj", "{0723EA9E-E37E-4D98-AE96-82D442847B7F}"
EndProject
Project("{9A19103F-16F7-4668-BE54-9A1E7A4F7556}") = "R5T.L0089", "..\..\R5T.L0089\source\R5T.L0089\R5T.L0089.csproj", "{E82DD691-D2DB-4129-A1A9-0C219B809F78}"
EndProject
Project("{9A19103F-16F7-4668-BE54-9A1E7A4F7556}") = "R5T.T0240", "..\..\R5T.T0240\source\R5T.T0240\R5T.T0240.csproj", "{DA5B55F1-FEF6-4903-939F-86963B8AD373}"
EndProject
Project("{9A19103F-16F7-4668-BE54-9A1E7A4F7556}") = "R5T.T0241", "..\..\R5T.T0241\source\R5T.T0241\R5T.T0241.csproj", "{6B7E18AC-E7F8-4BD6-882F-4E8B1EBF69AC}"
EndProject
Project("{9A19103F-16F7-4668-BE54-9A1E7A4F7556}") = "R5T.F0028", "..\..\R5T.F0028\source\R5T.F0028\R5T.F0028.csproj", "{D18662A6-E57B-45A0-BB99-611E5C44E808}"
EndProject
Project("{9A19103F-16F7-4668-BE54-9A1E7A4F7556}") = "R5T.F0144", "..\..\R5T.F0144\source\R5T.F0144\R5T.F0144.csproj", "{03B8D11E-907B-45E2-8CA8-C1F6B880B144}"
EndProject
Project("{9A19103F-16F7-4668-BE54-9A1E7A4F7556}") = "R5T.NG0002", "..\..\R5T.NG0002\source\R5T.NG0002\R5T.NG0002.csproj", "{A11A312C-97C4-4542-AA27-DF6D87EB22D2}"
EndProject
Project("{9A19103F-16F7-4668-BE54-9A1E7A4F7556}") = "R5T.NG0024", "..\..\R5T.NG0024\source\R5T.NG0024\R5T.NG0024.csproj", "{B886EB48-F6EE-4920-8BC9-0019994C34C2}"
EndProject
Project("{9A19103F-16F7-4668-BE54-9A1E7A4F7556}") = "R5T.L0072", "..\..\R5T.L0072\source\R5T.L0072\R5T.L0072.csproj", "{AE8C494C-FF0C-4ED1-A81E-DBC27E8E3113}"
EndProject
Project("{9A19103F-16F7-4668-BE54-9A1E7A4F7556}") = "R5T.L0083.F001", "..\..\R5T.L0083\source\R5T.L0083.F001\R5T.L0083.F001.csproj", "{E56BB5F7-CF50-4B5B-A695-FCB5EF7306B9}"
EndProject
Project("{9A19103F-16F7-4668-BE54-9A1E7A4F7556}") = "R5T.NG0023", "..\..\R5T.NG0023\source\R5T.NG0023\R5T.NG0023.csproj", "{BADF2EFE-7512-4B9B-A923-5D13128C4F88}"
EndProject
Global
	GlobalSection(NestedProjects) = preSolution
		{98802F64-4BC2-40B3-984A-378B51651D42} = {DA096FBE-80AA-42A3-BBAF-AAB92E871AC8}
		{DC903C1D-E044-4FF3-9E98-2F3767D6FB78} = {DA096FBE-80AA-42A3-BBAF-AAB92E871AC8}
		{13FB1985-E4C5-46C1-878A-73CDF1F11B4C} = {DA096FBE-80AA-42A3-BBAF-AAB92E871AC8}
		{89FAD288-6A74-470F-A9F9-02CEFD8AF027} = {DA096FBE-80AA-42A3-BBAF-AAB92E871AC8}
		{9EE0FD7B-9B1D-4B89-AB2B-6ED31BEBA7DC} = {DA096FBE-80AA-42A3-BBAF-AAB92E871AC8}
		{8A343918-F0C4-455E-86BC-383C33436F7C} = {DA096FBE-80AA-42A3-BBAF-AAB92E871AC8}
		{D465EAE8-B47F-42AF-A7E1-80807D281B8C} = {DA096FBE-80AA-42A3-BBAF-AAB92E871AC8}
		{422BD4D3-74FB-432D-B424-29370A066BB8} = {DA096FBE-80AA-42A3-BBAF-AAB92E871AC8}
		{B483D2E2-6CA9-4712-9998-D91A6A27B806} = {DA096FBE-80AA-42A3-BBAF-AAB92E871AC8}
		{C4C53B1C-0B13-4B41-8B2D-308A0236D2FE} = {DA096FBE-80AA-42A3-BBAF-AAB92E871AC8}
		{0505641B-0D1D-4144-892D-4048E6B0998B} = {DA096FBE-80AA-42A3-BBAF-AAB92E871AC8}
		{5BF741D2-1ECE-436D-98C6-53244554C8C3} = {DA096FBE-80AA-42A3-BBAF-AAB92E871AC8}
		{AECD3277-B6E3-45A7-A2D3-BAA1AD779D94} = {DA096FBE-80AA-42A3-BBAF-AAB92E871AC8}
		{4C08B625-7378-4D24-86EA-C24E75194882} = {DA096FBE-80AA-42A3-BBAF-AAB92E871AC8}
		{213995FB-D833-4CCC-A49D-0FCD781277FF} = {DA096FBE-80AA-42A3-BBAF-AAB92E871AC8}
		{D85E3BE0-4C0F-49CF-A93C-A5A30B2E38BB} = {DA096FBE-80AA-42A3-BBAF-AAB92E871AC8}
		{30EAE6A3-FB67-4289-8893-C5211F9E4BA3} = {DA096FBE-80AA-42A3-BBAF-AAB92E871AC8}
		{E4632208-9D72-4104-97C8-982609078509} = {DA096FBE-80AA-42A3-BBAF-AAB92E871AC8}
		{39D26E81-B04A-4F87-B5C2-83DE59AF27C4} = {DA096FBE-80AA-42A3-BBAF-AAB92E871AC8}
		{10D22AE3-D38E-431D-B8AA-856685440740} = {DA096FBE-80AA-42A3-BBAF-AAB92E871AC8}
		{74BE723A-7BAF-4B94-8F9D-70B3696890D0} = {DA096FBE-80AA-42A3-BBAF-AAB92E871AC8}
		{11A53F88-35D0-40AC-BC45-14491D4FE1AC} = {DA096FBE-80AA-42A3-BBAF-AAB92E871AC8}
		{57FE58DF-17F4-4F5D-907F-5A4CF5B336D0} = {DA096FBE-80AA-42A3-BBAF-AAB92E871AC8}
		{A67FCB1E-821E-4B21-A8C4-A458B095C6CB} = {DA096FBE-80AA-42A3-BBAF-AAB92E871AC8}
		{44B2D200-DC07-476E-9657-7AA26EBE2EF9} = {DA096FBE-80AA-42A3-BBAF-AAB92E871AC8}
		{5B808495-C94F-4353-AC8D-54950799529F} = {DA096FBE-80AA-42A3-BBAF-AAB92E871AC8}
		{E4A234D3-CBB8-4798-A751-474A132A7DA4} = {DA096FBE-80AA-42A3-BBAF-AAB92E871AC8}
		{0356194F-D195-469D-97F8-DF01E912651E} = {DA096FBE-80AA-42A3-BBAF-AAB92E871AC8}
		{ECC22D2E-CDCD-489C-9014-B319755C6B95} = {DA096FBE-80AA-42A3-BBAF-AAB92E871AC8}
		{624F5328-5BB3-459A-B211-17CBFCF0B30D} = {DA096FBE-80AA-42A3-BBAF-AAB92E871AC8}
		{9EEE1C3C-4AF3-4770-9592-F246DA9848EF} = {DA096FBE-80AA-42A3-BBAF-AAB92E871AC8}
		{0E43BA74-4F6D-409C-87E2-9EFABD50F9F0} = {DA096FBE-80AA-42A3-BBAF-AAB92E871AC8}
		{ED301E13-9531-4AFC-BC4A-A4CCFBB07608} = {DA096FBE-80AA-42A3-BBAF-AAB92E871AC8}
		{BE4E6DCC-4CE8-41B3-85CC-89AA045E0437} = {DA096FBE-80AA-42A3-BBAF-AAB92E871AC8}
		{F027FA48-BFF5-4421-8F34-6DC796EAA5E7} = {DA096FBE-80AA-42A3-BBAF-AAB92E871AC8}
		{77264272-E52E-4DFC-832E-F11C283AA269} = {DA096FBE-80AA-42A3-BBAF-AAB92E871AC8}
		{48DA74C5-74FC-405D-A86A-F98094FD18CA} = {DA096FBE-80AA-42A3-BBAF-AAB92E871AC8}
		{C6CBA9C1-71D4-412D-8DB6-8FA9D0896119} = {DA096FBE-80AA-42A3-BBAF-AAB92E871AC8}
		{DCE0E110-A44C-4A04-B337-6A73D34908BE} = {DA096FBE-80AA-42A3-BBAF-AAB92E871AC8}
		{A252AB4F-D8D4-471F-9D4D-707456C0354E} = {DA096FBE-80AA-42A3-BBAF-AAB92E871AC8}
		{57794C4D-04F7-4CB0-9BAE-5584FBDC14B4} = {DA096FBE-80AA-42A3-BBAF-AAB92E871AC8}
		{802E493E-A36F-498F-B271-EA5FFABFD546} = {DA096FBE-80AA-42A3-BBAF-AAB92E871AC8}
		{7628F0B1-9426-4CB4-8260-E363B7C3F15A} = {DA096FBE-80AA-42A3-BBAF-AAB92E871AC8}
		{E63210A1-11DD-4984-B59A-1998C62807F5} = {DA096FBE-80AA-42A3-BBAF-AAB92E871AC8}
		{BAA80010-6573-440E-A460-66B8C642DEFB} = {DA096FBE-80AA-42A3-BBAF-AAB92E871AC8}
		{D94A44AB-F17F-4672-A410-F5EB267D0876} = {DA096FBE-80AA-42A3-BBAF-AAB92E871AC8}
		{C71A3B66-152E-40B1-B099-53C6BBCA6413} = {DA096FBE-80AA-42A3-BBAF-AAB92E871AC8}
		{05C818F0-8C11-4F53-80B4-A84AF7A46F93} = {DA096FBE-80AA-42A3-BBAF-AAB92E871AC8}
		{2A025770-389A-4A15-96A5-F28ED03F621A} = {DA096FBE-80AA-42A3-BBAF-AAB92E871AC8}
		{4B392534-B5BD-4526-A1A5-E74B0F137671} = {DA096FBE-80AA-42A3-BBAF-AAB92E871AC8}
		{24BAEA02-38EB-4920-8392-D25765A78A17} = {DA096FBE-80AA-42A3-BBAF-AAB92E871AC8}
		{5B9AC8D2-049B-473A-8B5D-80139E1A5FBE} = {DA096FBE-80AA-42A3-BBAF-AAB92E871AC8}
		{961758FB-0521-4EC5-BA3A-AF8D63976BB5} = {DA096FBE-80AA-42A3-BBAF-AAB92E871AC8}
		{ACB180CB-11BE-4D6A-AB6E-77490110B5B1} = {DA096FBE-80AA-42A3-BBAF-AAB92E871AC8}
		{F82B9FAB-8D6C-46C4-B6F6-7C73BF77E391} = {DA096FBE-80AA-42A3-BBAF-AAB92E871AC8}
		{9262DC3C-5631-4F28-82B1-039ED7EED08B} = {DA096FBE-80AA-42A3-BBAF-AAB92E871AC8}
		{E0365177-94F5-4F69-B7B3-22384C306ACF} = {DA096FBE-80AA-42A3-BBAF-AAB92E871AC8}
		{2C749A1E-6C80-46EB-8396-84929AD22299} = {DA096FBE-80AA-42A3-BBAF-AAB92E871AC8}
		{46D07A78-2FED-46A7-8905-7DA7316F1D8B} = {DA096FBE-80AA-42A3-BBAF-AAB92E871AC8}
		{C95FF20D-6443-466B-A68D-17C542A5C32A} = {DA096FBE-80AA-42A3-BBAF-AAB92E871AC8}
		{9041E9CE-A090-436E-B208-E1C68B7D7F00} = {DA096FBE-80AA-42A3-BBAF-AAB92E871AC8}
		{9A183764-D099-4946-9EAC-E7BC592E167E} = {DA096FBE-80AA-42A3-BBAF-AAB92E871AC8}
		{47F78BE7-4793-424C-A0C0-19A910F83297} = {DA096FBE-80AA-42A3-BBAF-AAB92E871AC8}
		{C90E7A41-B192-4740-A088-0C3B2B763ACC} = {DA096FBE-80AA-42A3-BBAF-AAB92E871AC8}
		{9111DB04-A470-4365-BCFC-0B2EFA53B2ED} = {DA096FBE-80AA-42A3-BBAF-AAB92E871AC8}
		{5F79BB7F-7675-45DD-8099-4EC226C8EBC6} = {DA096FBE-80AA-42A3-BBAF-AAB92E871AC8}
		{24C49877-B144-45DD-9E83-125231E83DE0} = {DA096FBE-80AA-42A3-BBAF-AAB92E871AC8}
		{80AAFE60-1878-4C25-A3FC-DE73F86EA7F1} = {DA096FBE-80AA-42A3-BBAF-AAB92E871AC8}
		{8A4E126D-729E-456B-8DB1-F67AC5ED6969} = {DA096FBE-80AA-42A3-BBAF-AAB92E871AC8}
		{7F76D973-0545-4722-8DD6-4B7198F52456} = {DA096FBE-80AA-42A3-BBAF-AAB92E871AC8}
		{9CEDC4C1-1D60-4C76-953F-F23396F4AF3E} = {DA096FBE-80AA-42A3-BBAF-AAB92E871AC8}
		{9444516F-9DC0-4FD4-A687-B7685001344E} = {DA096FBE-80AA-42A3-BBAF-AAB92E871AC8}
		{5A4C7BB2-33C2-4A58-B40C-8B9B67061BD2} = {DA096FBE-80AA-42A3-BBAF-AAB92E871AC8}
		{88B48603-1215-47C3-8D35-21B7ECD0DDB6} = {DA096FBE-80AA-42A3-BBAF-AAB92E871AC8}
		{C7ED6156-71F1-4B66-A8D8-EF5257A92E9C} = {DA096FBE-80AA-42A3-BBAF-AAB92E871AC8}
		{E44C66E8-8FD9-41FF-86DF-5A3F7485C07E} = {DA096FBE-80AA-42A3-BBAF-AAB92E871AC8}
		{F8EC88D1-607C-4848-A0DE-8D4DC4C22A80} = {DA096FBE-80AA-42A3-BBAF-AAB92E871AC8}
		{F1F9EC26-4716-4ACF-84BA-9299ED9C44ED} = {DA096FBE-80AA-42A3-BBAF-AAB92E871AC8}
		{53E75506-5112-4DE3-9FE3-85F6ADBB8C63} = {DA096FBE-80AA-42A3-BBAF-AAB92E871AC8}
		{93DA503B-484E-4F0B-A23F-E8967A374A31} = {DA096FBE-80AA-42A3-BBAF-AAB92E871AC8}
		{3B43C3DF-75FB-4870-A6CD-5A3258BEDEC1} = {DA096FBE-80AA-42A3-BBAF-AAB92E871AC8}
		{2AC1DCB7-C7A2-484E-A844-0A99F662257E} = {DA096FBE-80AA-42A3-BBAF-AAB92E871AC8}
		{4B391778-6A66-48A5-9B1E-F9ABA46B8C5E} = {DA096FBE-80AA-42A3-BBAF-AAB92E871AC8}
		{755BA441-24FE-4FC7-9973-735F560FDECA} = {DA096FBE-80AA-42A3-BBAF-AAB92E871AC8}
		{9ABCAAAF-5D7F-4012-96B9-CE212F9C7F53} = {DA096FBE-80AA-42A3-BBAF-AAB92E871AC8}
		{36315A57-D72A-40BF-BA37-B0D11E5C016C} = {DA096FBE-80AA-42A3-BBAF-AAB92E871AC8}
		{14D8568F-E5DD-4304-861B-37CD3EADD5E5} = {DA096FBE-80AA-42A3-BBAF-AAB92E871AC8}
		{E49AC47A-F621-4AA4-982A-98EB55244B53} = {DA096FBE-80AA-42A3-BBAF-AAB92E871AC8}
		{206ED235-0FDC-4FC8-A3A2-12C47B167C6A} = {DA096FBE-80AA-42A3-BBAF-AAB92E871AC8}
		{76A7BB13-3645-4379-BC83-93638212A271} = {DA096FBE-80AA-42A3-BBAF-AAB92E871AC8}
		{7E478869-5E75-4345-9E0A-ADA63F39BB79} = {DA096FBE-80AA-42A3-BBAF-AAB92E871AC8}
		{0723EA9E-E37E-4D98-AE96-82D442847B7F} = {DA096FBE-80AA-42A3-BBAF-AAB92E871AC8}
		{E82DD691-D2DB-4129-A1A9-0C219B809F78} = {DA096FBE-80AA-42A3-BBAF-AAB92E871AC8}
		{DA5B55F1-FEF6-4903-939F-86963B8AD373} = {DA096FBE-80AA-42A3-BBAF-AAB92E871AC8}
		{6B7E18AC-E7F8-4BD6-882F-4E8B1EBF69AC} = {DA096FBE-80AA-42A3-BBAF-AAB92E871AC8}
		{D18662A6-E57B-45A0-BB99-611E5C44E808} = {DA096FBE-80AA-42A3-BBAF-AAB92E871AC8}
		{03B8D11E-907B-45E2-8CA8-C1F6B880B144} = {DA096FBE-80AA-42A3-BBAF-AAB92E871AC8}
		{A11A312C-97C4-4542-AA27-DF6D87EB22D2} = {DA096FBE-80AA-42A3-BBAF-AAB92E871AC8}
		{B886EB48-F6EE-4920-8BC9-0019994C34C2} = {DA096FBE-80AA-42A3-BBAF-AAB92E871AC8}
		{AE8C494C-FF0C-4ED1-A81E-DBC27E8E3113} = {DA096FBE-80AA-42A3-BBAF-AAB92E871AC8}
		{E56BB5F7-CF50-4B5B-A695-FCB5EF7306B9} = {DA096FBE-80AA-42A3-BBAF-AAB92E871AC8}
		{BADF2EFE-7512-4B9B-A923-5D13128C4F88} = {DA096FBE-80AA-42A3-BBAF-AAB92E871AC8}
	EndGlobalSection
	GlobalSection(SolutionConfigurationPlatforms) = preSolution
		Debug|Any CPU = Debug|Any CPU
		Release|Any CPU = Release|Any CPU
	EndGlobalSection
	GlobalSection(ProjectConfigurationPlatforms) = postSolution
		{5874E74A-F573-4716-831D-9334AA2E110F}.Debug|Any CPU.ActiveCfg = Debug|Any CPU
		{5874E74A-F573-4716-831D-9334AA2E110F}.Debug|Any CPU.Build.0 = Debug|Any CPU
		{5874E74A-F573-4716-831D-9334AA2E110F}.Release|Any CPU.ActiveCfg = Release|Any CPU
		{5874E74A-F573-4716-831D-9334AA2E110F}.Release|Any CPU.Build.0 = Release|Any CPU
		{98802F64-4BC2-40B3-984A-378B51651D42}.Debug|Any CPU.ActiveCfg = Debug|Any CPU
		{98802F64-4BC2-40B3-984A-378B51651D42}.Debug|Any CPU.Build.0 = Debug|Any CPU
		{98802F64-4BC2-40B3-984A-378B51651D42}.Release|Any CPU.ActiveCfg = Release|Any CPU
		{98802F64-4BC2-40B3-984A-378B51651D42}.Release|Any CPU.Build.0 = Release|Any CPU
		{DC903C1D-E044-4FF3-9E98-2F3767D6FB78}.Debug|Any CPU.ActiveCfg = Debug|Any CPU
		{DC903C1D-E044-4FF3-9E98-2F3767D6FB78}.Debug|Any CPU.Build.0 = Debug|Any CPU
		{DC903C1D-E044-4FF3-9E98-2F3767D6FB78}.Release|Any CPU.ActiveCfg = Release|Any CPU
		{DC903C1D-E044-4FF3-9E98-2F3767D6FB78}.Release|Any CPU.Build.0 = Release|Any CPU
		{13FB1985-E4C5-46C1-878A-73CDF1F11B4C}.Debug|Any CPU.ActiveCfg = Debug|Any CPU
		{13FB1985-E4C5-46C1-878A-73CDF1F11B4C}.Debug|Any CPU.Build.0 = Debug|Any CPU
		{13FB1985-E4C5-46C1-878A-73CDF1F11B4C}.Release|Any CPU.ActiveCfg = Release|Any CPU
		{13FB1985-E4C5-46C1-878A-73CDF1F11B4C}.Release|Any CPU.Build.0 = Release|Any CPU
		{89FAD288-6A74-470F-A9F9-02CEFD8AF027}.Debug|Any CPU.ActiveCfg = Debug|Any CPU
		{89FAD288-6A74-470F-A9F9-02CEFD8AF027}.Debug|Any CPU.Build.0 = Debug|Any CPU
		{89FAD288-6A74-470F-A9F9-02CEFD8AF027}.Release|Any CPU.ActiveCfg = Release|Any CPU
		{89FAD288-6A74-470F-A9F9-02CEFD8AF027}.Release|Any CPU.Build.0 = Release|Any CPU
		{9EE0FD7B-9B1D-4B89-AB2B-6ED31BEBA7DC}.Debug|Any CPU.ActiveCfg = Debug|Any CPU
		{9EE0FD7B-9B1D-4B89-AB2B-6ED31BEBA7DC}.Debug|Any CPU.Build.0 = Debug|Any CPU
		{9EE0FD7B-9B1D-4B89-AB2B-6ED31BEBA7DC}.Release|Any CPU.ActiveCfg = Release|Any CPU
		{9EE0FD7B-9B1D-4B89-AB2B-6ED31BEBA7DC}.Release|Any CPU.Build.0 = Release|Any CPU
		{8A343918-F0C4-455E-86BC-383C33436F7C}.Debug|Any CPU.ActiveCfg = Debug|Any CPU
		{8A343918-F0C4-455E-86BC-383C33436F7C}.Debug|Any CPU.Build.0 = Debug|Any CPU
		{8A343918-F0C4-455E-86BC-383C33436F7C}.Release|Any CPU.ActiveCfg = Release|Any CPU
		{8A343918-F0C4-455E-86BC-383C33436F7C}.Release|Any CPU.Build.0 = Release|Any CPU
		{D465EAE8-B47F-42AF-A7E1-80807D281B8C}.Debug|Any CPU.ActiveCfg = Debug|Any CPU
		{D465EAE8-B47F-42AF-A7E1-80807D281B8C}.Debug|Any CPU.Build.0 = Debug|Any CPU
		{D465EAE8-B47F-42AF-A7E1-80807D281B8C}.Release|Any CPU.ActiveCfg = Release|Any CPU
		{D465EAE8-B47F-42AF-A7E1-80807D281B8C}.Release|Any CPU.Build.0 = Release|Any CPU
		{422BD4D3-74FB-432D-B424-29370A066BB8}.Debug|Any CPU.ActiveCfg = Debug|Any CPU
		{422BD4D3-74FB-432D-B424-29370A066BB8}.Debug|Any CPU.Build.0 = Debug|Any CPU
		{422BD4D3-74FB-432D-B424-29370A066BB8}.Release|Any CPU.ActiveCfg = Release|Any CPU
		{422BD4D3-74FB-432D-B424-29370A066BB8}.Release|Any CPU.Build.0 = Release|Any CPU
		{B483D2E2-6CA9-4712-9998-D91A6A27B806}.Debug|Any CPU.ActiveCfg = Debug|Any CPU
		{B483D2E2-6CA9-4712-9998-D91A6A27B806}.Debug|Any CPU.Build.0 = Debug|Any CPU
		{B483D2E2-6CA9-4712-9998-D91A6A27B806}.Release|Any CPU.ActiveCfg = Release|Any CPU
		{B483D2E2-6CA9-4712-9998-D91A6A27B806}.Release|Any CPU.Build.0 = Release|Any CPU
		{C4C53B1C-0B13-4B41-8B2D-308A0236D2FE}.Debug|Any CPU.ActiveCfg = Debug|Any CPU
		{C4C53B1C-0B13-4B41-8B2D-308A0236D2FE}.Debug|Any CPU.Build.0 = Debug|Any CPU
		{C4C53B1C-0B13-4B41-8B2D-308A0236D2FE}.Release|Any CPU.ActiveCfg = Release|Any CPU
		{C4C53B1C-0B13-4B41-8B2D-308A0236D2FE}.Release|Any CPU.Build.0 = Release|Any CPU
		{0505641B-0D1D-4144-892D-4048E6B0998B}.Debug|Any CPU.ActiveCfg = Debug|Any CPU
		{0505641B-0D1D-4144-892D-4048E6B0998B}.Debug|Any CPU.Build.0 = Debug|Any CPU
		{0505641B-0D1D-4144-892D-4048E6B0998B}.Release|Any CPU.ActiveCfg = Release|Any CPU
		{0505641B-0D1D-4144-892D-4048E6B0998B}.Release|Any CPU.Build.0 = Release|Any CPU
		{5BF741D2-1ECE-436D-98C6-53244554C8C3}.Debug|Any CPU.ActiveCfg = Debug|Any CPU
		{5BF741D2-1ECE-436D-98C6-53244554C8C3}.Debug|Any CPU.Build.0 = Debug|Any CPU
		{5BF741D2-1ECE-436D-98C6-53244554C8C3}.Release|Any CPU.ActiveCfg = Release|Any CPU
		{5BF741D2-1ECE-436D-98C6-53244554C8C3}.Release|Any CPU.Build.0 = Release|Any CPU
		{AECD3277-B6E3-45A7-A2D3-BAA1AD779D94}.Debug|Any CPU.ActiveCfg = Debug|Any CPU
		{AECD3277-B6E3-45A7-A2D3-BAA1AD779D94}.Debug|Any CPU.Build.0 = Debug|Any CPU
		{AECD3277-B6E3-45A7-A2D3-BAA1AD779D94}.Release|Any CPU.ActiveCfg = Release|Any CPU
		{AECD3277-B6E3-45A7-A2D3-BAA1AD779D94}.Release|Any CPU.Build.0 = Release|Any CPU
		{4C08B625-7378-4D24-86EA-C24E75194882}.Debug|Any CPU.ActiveCfg = Debug|Any CPU
		{4C08B625-7378-4D24-86EA-C24E75194882}.Debug|Any CPU.Build.0 = Debug|Any CPU
		{4C08B625-7378-4D24-86EA-C24E75194882}.Release|Any CPU.ActiveCfg = Release|Any CPU
		{4C08B625-7378-4D24-86EA-C24E75194882}.Release|Any CPU.Build.0 = Release|Any CPU
		{213995FB-D833-4CCC-A49D-0FCD781277FF}.Debug|Any CPU.ActiveCfg = Debug|Any CPU
		{213995FB-D833-4CCC-A49D-0FCD781277FF}.Debug|Any CPU.Build.0 = Debug|Any CPU
		{213995FB-D833-4CCC-A49D-0FCD781277FF}.Release|Any CPU.ActiveCfg = Release|Any CPU
		{213995FB-D833-4CCC-A49D-0FCD781277FF}.Release|Any CPU.Build.0 = Release|Any CPU
		{D85E3BE0-4C0F-49CF-A93C-A5A30B2E38BB}.Debug|Any CPU.ActiveCfg = Debug|Any CPU
		{D85E3BE0-4C0F-49CF-A93C-A5A30B2E38BB}.Debug|Any CPU.Build.0 = Debug|Any CPU
		{D85E3BE0-4C0F-49CF-A93C-A5A30B2E38BB}.Release|Any CPU.ActiveCfg = Release|Any CPU
		{D85E3BE0-4C0F-49CF-A93C-A5A30B2E38BB}.Release|Any CPU.Build.0 = Release|Any CPU
		{30EAE6A3-FB67-4289-8893-C5211F9E4BA3}.Debug|Any CPU.ActiveCfg = Debug|Any CPU
		{30EAE6A3-FB67-4289-8893-C5211F9E4BA3}.Debug|Any CPU.Build.0 = Debug|Any CPU
		{30EAE6A3-FB67-4289-8893-C5211F9E4BA3}.Release|Any CPU.ActiveCfg = Release|Any CPU
		{30EAE6A3-FB67-4289-8893-C5211F9E4BA3}.Release|Any CPU.Build.0 = Release|Any CPU
		{E4632208-9D72-4104-97C8-982609078509}.Debug|Any CPU.ActiveCfg = Debug|Any CPU
		{E4632208-9D72-4104-97C8-982609078509}.Debug|Any CPU.Build.0 = Debug|Any CPU
		{E4632208-9D72-4104-97C8-982609078509}.Release|Any CPU.ActiveCfg = Release|Any CPU
		{E4632208-9D72-4104-97C8-982609078509}.Release|Any CPU.Build.0 = Release|Any CPU
		{39D26E81-B04A-4F87-B5C2-83DE59AF27C4}.Debug|Any CPU.ActiveCfg = Debug|Any CPU
		{39D26E81-B04A-4F87-B5C2-83DE59AF27C4}.Debug|Any CPU.Build.0 = Debug|Any CPU
		{39D26E81-B04A-4F87-B5C2-83DE59AF27C4}.Release|Any CPU.ActiveCfg = Release|Any CPU
		{39D26E81-B04A-4F87-B5C2-83DE59AF27C4}.Release|Any CPU.Build.0 = Release|Any CPU
		{10D22AE3-D38E-431D-B8AA-856685440740}.Debug|Any CPU.ActiveCfg = Debug|Any CPU
		{10D22AE3-D38E-431D-B8AA-856685440740}.Debug|Any CPU.Build.0 = Debug|Any CPU
		{10D22AE3-D38E-431D-B8AA-856685440740}.Release|Any CPU.ActiveCfg = Release|Any CPU
		{10D22AE3-D38E-431D-B8AA-856685440740}.Release|Any CPU.Build.0 = Release|Any CPU
		{74BE723A-7BAF-4B94-8F9D-70B3696890D0}.Debug|Any CPU.ActiveCfg = Debug|Any CPU
		{74BE723A-7BAF-4B94-8F9D-70B3696890D0}.Debug|Any CPU.Build.0 = Debug|Any CPU
		{74BE723A-7BAF-4B94-8F9D-70B3696890D0}.Release|Any CPU.ActiveCfg = Release|Any CPU
		{74BE723A-7BAF-4B94-8F9D-70B3696890D0}.Release|Any CPU.Build.0 = Release|Any CPU
		{11A53F88-35D0-40AC-BC45-14491D4FE1AC}.Debug|Any CPU.ActiveCfg = Debug|Any CPU
		{11A53F88-35D0-40AC-BC45-14491D4FE1AC}.Debug|Any CPU.Build.0 = Debug|Any CPU
		{11A53F88-35D0-40AC-BC45-14491D4FE1AC}.Release|Any CPU.ActiveCfg = Release|Any CPU
		{11A53F88-35D0-40AC-BC45-14491D4FE1AC}.Release|Any CPU.Build.0 = Release|Any CPU
		{57FE58DF-17F4-4F5D-907F-5A4CF5B336D0}.Debug|Any CPU.ActiveCfg = Debug|Any CPU
		{57FE58DF-17F4-4F5D-907F-5A4CF5B336D0}.Debug|Any CPU.Build.0 = Debug|Any CPU
		{57FE58DF-17F4-4F5D-907F-5A4CF5B336D0}.Release|Any CPU.ActiveCfg = Release|Any CPU
		{57FE58DF-17F4-4F5D-907F-5A4CF5B336D0}.Release|Any CPU.Build.0 = Release|Any CPU
		{A67FCB1E-821E-4B21-A8C4-A458B095C6CB}.Debug|Any CPU.ActiveCfg = Debug|Any CPU
		{A67FCB1E-821E-4B21-A8C4-A458B095C6CB}.Debug|Any CPU.Build.0 = Debug|Any CPU
		{A67FCB1E-821E-4B21-A8C4-A458B095C6CB}.Release|Any CPU.ActiveCfg = Release|Any CPU
		{A67FCB1E-821E-4B21-A8C4-A458B095C6CB}.Release|Any CPU.Build.0 = Release|Any CPU
		{44B2D200-DC07-476E-9657-7AA26EBE2EF9}.Debug|Any CPU.ActiveCfg = Debug|Any CPU
		{44B2D200-DC07-476E-9657-7AA26EBE2EF9}.Debug|Any CPU.Build.0 = Debug|Any CPU
		{44B2D200-DC07-476E-9657-7AA26EBE2EF9}.Release|Any CPU.ActiveCfg = Release|Any CPU
		{44B2D200-DC07-476E-9657-7AA26EBE2EF9}.Release|Any CPU.Build.0 = Release|Any CPU
		{5B808495-C94F-4353-AC8D-54950799529F}.Debug|Any CPU.ActiveCfg = Debug|Any CPU
		{5B808495-C94F-4353-AC8D-54950799529F}.Debug|Any CPU.Build.0 = Debug|Any CPU
		{5B808495-C94F-4353-AC8D-54950799529F}.Release|Any CPU.ActiveCfg = Release|Any CPU
		{5B808495-C94F-4353-AC8D-54950799529F}.Release|Any CPU.Build.0 = Release|Any CPU
		{E4A234D3-CBB8-4798-A751-474A132A7DA4}.Debug|Any CPU.ActiveCfg = Debug|Any CPU
		{E4A234D3-CBB8-4798-A751-474A132A7DA4}.Debug|Any CPU.Build.0 = Debug|Any CPU
		{E4A234D3-CBB8-4798-A751-474A132A7DA4}.Release|Any CPU.ActiveCfg = Release|Any CPU
		{E4A234D3-CBB8-4798-A751-474A132A7DA4}.Release|Any CPU.Build.0 = Release|Any CPU
		{0356194F-D195-469D-97F8-DF01E912651E}.Debug|Any CPU.ActiveCfg = Debug|Any CPU
		{0356194F-D195-469D-97F8-DF01E912651E}.Debug|Any CPU.Build.0 = Debug|Any CPU
		{0356194F-D195-469D-97F8-DF01E912651E}.Release|Any CPU.ActiveCfg = Release|Any CPU
		{0356194F-D195-469D-97F8-DF01E912651E}.Release|Any CPU.Build.0 = Release|Any CPU
		{ECC22D2E-CDCD-489C-9014-B319755C6B95}.Debug|Any CPU.ActiveCfg = Debug|Any CPU
		{ECC22D2E-CDCD-489C-9014-B319755C6B95}.Debug|Any CPU.Build.0 = Debug|Any CPU
		{ECC22D2E-CDCD-489C-9014-B319755C6B95}.Release|Any CPU.ActiveCfg = Release|Any CPU
		{ECC22D2E-CDCD-489C-9014-B319755C6B95}.Release|Any CPU.Build.0 = Release|Any CPU
		{624F5328-5BB3-459A-B211-17CBFCF0B30D}.Debug|Any CPU.ActiveCfg = Debug|Any CPU
		{624F5328-5BB3-459A-B211-17CBFCF0B30D}.Debug|Any CPU.Build.0 = Debug|Any CPU
		{624F5328-5BB3-459A-B211-17CBFCF0B30D}.Release|Any CPU.ActiveCfg = Release|Any CPU
		{624F5328-5BB3-459A-B211-17CBFCF0B30D}.Release|Any CPU.Build.0 = Release|Any CPU
		{9EEE1C3C-4AF3-4770-9592-F246DA9848EF}.Debug|Any CPU.ActiveCfg = Debug|Any CPU
		{9EEE1C3C-4AF3-4770-9592-F246DA9848EF}.Debug|Any CPU.Build.0 = Debug|Any CPU
		{9EEE1C3C-4AF3-4770-9592-F246DA9848EF}.Release|Any CPU.ActiveCfg = Release|Any CPU
		{9EEE1C3C-4AF3-4770-9592-F246DA9848EF}.Release|Any CPU.Build.0 = Release|Any CPU
		{0E43BA74-4F6D-409C-87E2-9EFABD50F9F0}.Debug|Any CPU.ActiveCfg = Debug|Any CPU
		{0E43BA74-4F6D-409C-87E2-9EFABD50F9F0}.Debug|Any CPU.Build.0 = Debug|Any CPU
		{0E43BA74-4F6D-409C-87E2-9EFABD50F9F0}.Release|Any CPU.ActiveCfg = Release|Any CPU
		{0E43BA74-4F6D-409C-87E2-9EFABD50F9F0}.Release|Any CPU.Build.0 = Release|Any CPU
		{ED301E13-9531-4AFC-BC4A-A4CCFBB07608}.Debug|Any CPU.ActiveCfg = Debug|Any CPU
		{ED301E13-9531-4AFC-BC4A-A4CCFBB07608}.Debug|Any CPU.Build.0 = Debug|Any CPU
		{ED301E13-9531-4AFC-BC4A-A4CCFBB07608}.Release|Any CPU.ActiveCfg = Release|Any CPU
		{ED301E13-9531-4AFC-BC4A-A4CCFBB07608}.Release|Any CPU.Build.0 = Release|Any CPU
		{BE4E6DCC-4CE8-41B3-85CC-89AA045E0437}.Debug|Any CPU.ActiveCfg = Debug|Any CPU
		{BE4E6DCC-4CE8-41B3-85CC-89AA045E0437}.Debug|Any CPU.Build.0 = Debug|Any CPU
		{BE4E6DCC-4CE8-41B3-85CC-89AA045E0437}.Release|Any CPU.ActiveCfg = Release|Any CPU
		{BE4E6DCC-4CE8-41B3-85CC-89AA045E0437}.Release|Any CPU.Build.0 = Release|Any CPU
		{F027FA48-BFF5-4421-8F34-6DC796EAA5E7}.Debug|Any CPU.ActiveCfg = Debug|Any CPU
		{F027FA48-BFF5-4421-8F34-6DC796EAA5E7}.Debug|Any CPU.Build.0 = Debug|Any CPU
		{F027FA48-BFF5-4421-8F34-6DC796EAA5E7}.Release|Any CPU.ActiveCfg = Release|Any CPU
		{F027FA48-BFF5-4421-8F34-6DC796EAA5E7}.Release|Any CPU.Build.0 = Release|Any CPU
		{77264272-E52E-4DFC-832E-F11C283AA269}.Debug|Any CPU.ActiveCfg = Debug|Any CPU
		{77264272-E52E-4DFC-832E-F11C283AA269}.Debug|Any CPU.Build.0 = Debug|Any CPU
		{77264272-E52E-4DFC-832E-F11C283AA269}.Release|Any CPU.ActiveCfg = Release|Any CPU
		{77264272-E52E-4DFC-832E-F11C283AA269}.Release|Any CPU.Build.0 = Release|Any CPU
		{48DA74C5-74FC-405D-A86A-F98094FD18CA}.Debug|Any CPU.ActiveCfg = Debug|Any CPU
		{48DA74C5-74FC-405D-A86A-F98094FD18CA}.Debug|Any CPU.Build.0 = Debug|Any CPU
		{48DA74C5-74FC-405D-A86A-F98094FD18CA}.Release|Any CPU.ActiveCfg = Release|Any CPU
		{48DA74C5-74FC-405D-A86A-F98094FD18CA}.Release|Any CPU.Build.0 = Release|Any CPU
		{C6CBA9C1-71D4-412D-8DB6-8FA9D0896119}.Debug|Any CPU.ActiveCfg = Debug|Any CPU
		{C6CBA9C1-71D4-412D-8DB6-8FA9D0896119}.Debug|Any CPU.Build.0 = Debug|Any CPU
		{C6CBA9C1-71D4-412D-8DB6-8FA9D0896119}.Release|Any CPU.ActiveCfg = Release|Any CPU
		{C6CBA9C1-71D4-412D-8DB6-8FA9D0896119}.Release|Any CPU.Build.0 = Release|Any CPU
		{DCE0E110-A44C-4A04-B337-6A73D34908BE}.Debug|Any CPU.ActiveCfg = Debug|Any CPU
		{DCE0E110-A44C-4A04-B337-6A73D34908BE}.Debug|Any CPU.Build.0 = Debug|Any CPU
		{DCE0E110-A44C-4A04-B337-6A73D34908BE}.Release|Any CPU.ActiveCfg = Release|Any CPU
		{DCE0E110-A44C-4A04-B337-6A73D34908BE}.Release|Any CPU.Build.0 = Release|Any CPU
		{A252AB4F-D8D4-471F-9D4D-707456C0354E}.Debug|Any CPU.ActiveCfg = Debug|Any CPU
		{A252AB4F-D8D4-471F-9D4D-707456C0354E}.Debug|Any CPU.Build.0 = Debug|Any CPU
		{A252AB4F-D8D4-471F-9D4D-707456C0354E}.Release|Any CPU.ActiveCfg = Release|Any CPU
		{A252AB4F-D8D4-471F-9D4D-707456C0354E}.Release|Any CPU.Build.0 = Release|Any CPU
		{57794C4D-04F7-4CB0-9BAE-5584FBDC14B4}.Debug|Any CPU.ActiveCfg = Debug|Any CPU
		{57794C4D-04F7-4CB0-9BAE-5584FBDC14B4}.Debug|Any CPU.Build.0 = Debug|Any CPU
		{57794C4D-04F7-4CB0-9BAE-5584FBDC14B4}.Release|Any CPU.ActiveCfg = Release|Any CPU
		{57794C4D-04F7-4CB0-9BAE-5584FBDC14B4}.Release|Any CPU.Build.0 = Release|Any CPU
		{802E493E-A36F-498F-B271-EA5FFABFD546}.Debug|Any CPU.ActiveCfg = Debug|Any CPU
		{802E493E-A36F-498F-B271-EA5FFABFD546}.Debug|Any CPU.Build.0 = Debug|Any CPU
		{802E493E-A36F-498F-B271-EA5FFABFD546}.Release|Any CPU.ActiveCfg = Release|Any CPU
		{802E493E-A36F-498F-B271-EA5FFABFD546}.Release|Any CPU.Build.0 = Release|Any CPU
		{7628F0B1-9426-4CB4-8260-E363B7C3F15A}.Debug|Any CPU.ActiveCfg = Debug|Any CPU
		{7628F0B1-9426-4CB4-8260-E363B7C3F15A}.Debug|Any CPU.Build.0 = Debug|Any CPU
		{7628F0B1-9426-4CB4-8260-E363B7C3F15A}.Release|Any CPU.ActiveCfg = Release|Any CPU
		{7628F0B1-9426-4CB4-8260-E363B7C3F15A}.Release|Any CPU.Build.0 = Release|Any CPU
		{E63210A1-11DD-4984-B59A-1998C62807F5}.Debug|Any CPU.ActiveCfg = Debug|Any CPU
		{E63210A1-11DD-4984-B59A-1998C62807F5}.Debug|Any CPU.Build.0 = Debug|Any CPU
		{E63210A1-11DD-4984-B59A-1998C62807F5}.Release|Any CPU.ActiveCfg = Release|Any CPU
		{E63210A1-11DD-4984-B59A-1998C62807F5}.Release|Any CPU.Build.0 = Release|Any CPU
		{BAA80010-6573-440E-A460-66B8C642DEFB}.Debug|Any CPU.ActiveCfg = Debug|Any CPU
		{BAA80010-6573-440E-A460-66B8C642DEFB}.Debug|Any CPU.Build.0 = Debug|Any CPU
		{BAA80010-6573-440E-A460-66B8C642DEFB}.Release|Any CPU.ActiveCfg = Release|Any CPU
		{BAA80010-6573-440E-A460-66B8C642DEFB}.Release|Any CPU.Build.0 = Release|Any CPU
		{D94A44AB-F17F-4672-A410-F5EB267D0876}.Debug|Any CPU.ActiveCfg = Debug|Any CPU
		{D94A44AB-F17F-4672-A410-F5EB267D0876}.Debug|Any CPU.Build.0 = Debug|Any CPU
		{D94A44AB-F17F-4672-A410-F5EB267D0876}.Release|Any CPU.ActiveCfg = Release|Any CPU
		{D94A44AB-F17F-4672-A410-F5EB267D0876}.Release|Any CPU.Build.0 = Release|Any CPU
		{C71A3B66-152E-40B1-B099-53C6BBCA6413}.Debug|Any CPU.ActiveCfg = Debug|Any CPU
		{C71A3B66-152E-40B1-B099-53C6BBCA6413}.Debug|Any CPU.Build.0 = Debug|Any CPU
		{C71A3B66-152E-40B1-B099-53C6BBCA6413}.Release|Any CPU.ActiveCfg = Release|Any CPU
		{C71A3B66-152E-40B1-B099-53C6BBCA6413}.Release|Any CPU.Build.0 = Release|Any CPU
		{05C818F0-8C11-4F53-80B4-A84AF7A46F93}.Debug|Any CPU.ActiveCfg = Debug|Any CPU
		{05C818F0-8C11-4F53-80B4-A84AF7A46F93}.Debug|Any CPU.Build.0 = Debug|Any CPU
		{05C818F0-8C11-4F53-80B4-A84AF7A46F93}.Release|Any CPU.ActiveCfg = Release|Any CPU
		{05C818F0-8C11-4F53-80B4-A84AF7A46F93}.Release|Any CPU.Build.0 = Release|Any CPU
		{2A025770-389A-4A15-96A5-F28ED03F621A}.Debug|Any CPU.ActiveCfg = Debug|Any CPU
		{2A025770-389A-4A15-96A5-F28ED03F621A}.Debug|Any CPU.Build.0 = Debug|Any CPU
		{2A025770-389A-4A15-96A5-F28ED03F621A}.Release|Any CPU.ActiveCfg = Release|Any CPU
		{2A025770-389A-4A15-96A5-F28ED03F621A}.Release|Any CPU.Build.0 = Release|Any CPU
		{4B392534-B5BD-4526-A1A5-E74B0F137671}.Debug|Any CPU.ActiveCfg = Debug|Any CPU
		{4B392534-B5BD-4526-A1A5-E74B0F137671}.Debug|Any CPU.Build.0 = Debug|Any CPU
		{4B392534-B5BD-4526-A1A5-E74B0F137671}.Release|Any CPU.ActiveCfg = Release|Any CPU
		{4B392534-B5BD-4526-A1A5-E74B0F137671}.Release|Any CPU.Build.0 = Release|Any CPU
		{24BAEA02-38EB-4920-8392-D25765A78A17}.Debug|Any CPU.ActiveCfg = Debug|Any CPU
		{24BAEA02-38EB-4920-8392-D25765A78A17}.Debug|Any CPU.Build.0 = Debug|Any CPU
		{24BAEA02-38EB-4920-8392-D25765A78A17}.Release|Any CPU.ActiveCfg = Release|Any CPU
		{24BAEA02-38EB-4920-8392-D25765A78A17}.Release|Any CPU.Build.0 = Release|Any CPU
		{5B9AC8D2-049B-473A-8B5D-80139E1A5FBE}.Debug|Any CPU.ActiveCfg = Debug|Any CPU
		{5B9AC8D2-049B-473A-8B5D-80139E1A5FBE}.Debug|Any CPU.Build.0 = Debug|Any CPU
		{5B9AC8D2-049B-473A-8B5D-80139E1A5FBE}.Release|Any CPU.ActiveCfg = Release|Any CPU
		{5B9AC8D2-049B-473A-8B5D-80139E1A5FBE}.Release|Any CPU.Build.0 = Release|Any CPU
		{961758FB-0521-4EC5-BA3A-AF8D63976BB5}.Debug|Any CPU.ActiveCfg = Debug|Any CPU
		{961758FB-0521-4EC5-BA3A-AF8D63976BB5}.Debug|Any CPU.Build.0 = Debug|Any CPU
		{961758FB-0521-4EC5-BA3A-AF8D63976BB5}.Release|Any CPU.ActiveCfg = Release|Any CPU
		{961758FB-0521-4EC5-BA3A-AF8D63976BB5}.Release|Any CPU.Build.0 = Release|Any CPU
		{ACB180CB-11BE-4D6A-AB6E-77490110B5B1}.Debug|Any CPU.ActiveCfg = Debug|Any CPU
		{ACB180CB-11BE-4D6A-AB6E-77490110B5B1}.Debug|Any CPU.Build.0 = Debug|Any CPU
		{ACB180CB-11BE-4D6A-AB6E-77490110B5B1}.Release|Any CPU.ActiveCfg = Release|Any CPU
		{ACB180CB-11BE-4D6A-AB6E-77490110B5B1}.Release|Any CPU.Build.0 = Release|Any CPU
		{F82B9FAB-8D6C-46C4-B6F6-7C73BF77E391}.Debug|Any CPU.ActiveCfg = Debug|Any CPU
		{F82B9FAB-8D6C-46C4-B6F6-7C73BF77E391}.Debug|Any CPU.Build.0 = Debug|Any CPU
		{F82B9FAB-8D6C-46C4-B6F6-7C73BF77E391}.Release|Any CPU.ActiveCfg = Release|Any CPU
		{F82B9FAB-8D6C-46C4-B6F6-7C73BF77E391}.Release|Any CPU.Build.0 = Release|Any CPU
		{9262DC3C-5631-4F28-82B1-039ED7EED08B}.Debug|Any CPU.ActiveCfg = Debug|Any CPU
		{9262DC3C-5631-4F28-82B1-039ED7EED08B}.Debug|Any CPU.Build.0 = Debug|Any CPU
		{9262DC3C-5631-4F28-82B1-039ED7EED08B}.Release|Any CPU.ActiveCfg = Release|Any CPU
		{9262DC3C-5631-4F28-82B1-039ED7EED08B}.Release|Any CPU.Build.0 = Release|Any CPU
		{E0365177-94F5-4F69-B7B3-22384C306ACF}.Debug|Any CPU.ActiveCfg = Debug|Any CPU
		{E0365177-94F5-4F69-B7B3-22384C306ACF}.Debug|Any CPU.Build.0 = Debug|Any CPU
		{E0365177-94F5-4F69-B7B3-22384C306ACF}.Release|Any CPU.ActiveCfg = Release|Any CPU
		{E0365177-94F5-4F69-B7B3-22384C306ACF}.Release|Any CPU.Build.0 = Release|Any CPU
		{2C749A1E-6C80-46EB-8396-84929AD22299}.Debug|Any CPU.ActiveCfg = Debug|Any CPU
		{2C749A1E-6C80-46EB-8396-84929AD22299}.Debug|Any CPU.Build.0 = Debug|Any CPU
		{2C749A1E-6C80-46EB-8396-84929AD22299}.Release|Any CPU.ActiveCfg = Release|Any CPU
		{2C749A1E-6C80-46EB-8396-84929AD22299}.Release|Any CPU.Build.0 = Release|Any CPU
		{46D07A78-2FED-46A7-8905-7DA7316F1D8B}.Debug|Any CPU.ActiveCfg = Debug|Any CPU
		{46D07A78-2FED-46A7-8905-7DA7316F1D8B}.Debug|Any CPU.Build.0 = Debug|Any CPU
		{46D07A78-2FED-46A7-8905-7DA7316F1D8B}.Release|Any CPU.ActiveCfg = Release|Any CPU
		{46D07A78-2FED-46A7-8905-7DA7316F1D8B}.Release|Any CPU.Build.0 = Release|Any CPU
		{C95FF20D-6443-466B-A68D-17C542A5C32A}.Debug|Any CPU.ActiveCfg = Debug|Any CPU
		{C95FF20D-6443-466B-A68D-17C542A5C32A}.Debug|Any CPU.Build.0 = Debug|Any CPU
		{C95FF20D-6443-466B-A68D-17C542A5C32A}.Release|Any CPU.ActiveCfg = Release|Any CPU
		{C95FF20D-6443-466B-A68D-17C542A5C32A}.Release|Any CPU.Build.0 = Release|Any CPU
		{9041E9CE-A090-436E-B208-E1C68B7D7F00}.Debug|Any CPU.ActiveCfg = Debug|Any CPU
		{9041E9CE-A090-436E-B208-E1C68B7D7F00}.Debug|Any CPU.Build.0 = Debug|Any CPU
		{9041E9CE-A090-436E-B208-E1C68B7D7F00}.Release|Any CPU.ActiveCfg = Release|Any CPU
		{9041E9CE-A090-436E-B208-E1C68B7D7F00}.Release|Any CPU.Build.0 = Release|Any CPU
		{9A183764-D099-4946-9EAC-E7BC592E167E}.Debug|Any CPU.ActiveCfg = Debug|Any CPU
		{9A183764-D099-4946-9EAC-E7BC592E167E}.Debug|Any CPU.Build.0 = Debug|Any CPU
		{9A183764-D099-4946-9EAC-E7BC592E167E}.Release|Any CPU.ActiveCfg = Release|Any CPU
		{9A183764-D099-4946-9EAC-E7BC592E167E}.Release|Any CPU.Build.0 = Release|Any CPU
		{47F78BE7-4793-424C-A0C0-19A910F83297}.Debug|Any CPU.ActiveCfg = Debug|Any CPU
		{47F78BE7-4793-424C-A0C0-19A910F83297}.Debug|Any CPU.Build.0 = Debug|Any CPU
		{47F78BE7-4793-424C-A0C0-19A910F83297}.Release|Any CPU.ActiveCfg = Release|Any CPU
		{47F78BE7-4793-424C-A0C0-19A910F83297}.Release|Any CPU.Build.0 = Release|Any CPU
		{C90E7A41-B192-4740-A088-0C3B2B763ACC}.Debug|Any CPU.ActiveCfg = Debug|Any CPU
		{C90E7A41-B192-4740-A088-0C3B2B763ACC}.Debug|Any CPU.Build.0 = Debug|Any CPU
		{C90E7A41-B192-4740-A088-0C3B2B763ACC}.Release|Any CPU.ActiveCfg = Release|Any CPU
		{C90E7A41-B192-4740-A088-0C3B2B763ACC}.Release|Any CPU.Build.0 = Release|Any CPU
		{9111DB04-A470-4365-BCFC-0B2EFA53B2ED}.Debug|Any CPU.ActiveCfg = Debug|Any CPU
		{9111DB04-A470-4365-BCFC-0B2EFA53B2ED}.Debug|Any CPU.Build.0 = Debug|Any CPU
		{9111DB04-A470-4365-BCFC-0B2EFA53B2ED}.Release|Any CPU.ActiveCfg = Release|Any CPU
		{9111DB04-A470-4365-BCFC-0B2EFA53B2ED}.Release|Any CPU.Build.0 = Release|Any CPU
		{5F79BB7F-7675-45DD-8099-4EC226C8EBC6}.Debug|Any CPU.ActiveCfg = Debug|Any CPU
		{5F79BB7F-7675-45DD-8099-4EC226C8EBC6}.Debug|Any CPU.Build.0 = Debug|Any CPU
		{5F79BB7F-7675-45DD-8099-4EC226C8EBC6}.Release|Any CPU.ActiveCfg = Release|Any CPU
		{5F79BB7F-7675-45DD-8099-4EC226C8EBC6}.Release|Any CPU.Build.0 = Release|Any CPU
		{24C49877-B144-45DD-9E83-125231E83DE0}.Debug|Any CPU.ActiveCfg = Debug|Any CPU
		{24C49877-B144-45DD-9E83-125231E83DE0}.Debug|Any CPU.Build.0 = Debug|Any CPU
		{24C49877-B144-45DD-9E83-125231E83DE0}.Release|Any CPU.ActiveCfg = Release|Any CPU
		{24C49877-B144-45DD-9E83-125231E83DE0}.Release|Any CPU.Build.0 = Release|Any CPU
		{80AAFE60-1878-4C25-A3FC-DE73F86EA7F1}.Debug|Any CPU.ActiveCfg = Debug|Any CPU
		{80AAFE60-1878-4C25-A3FC-DE73F86EA7F1}.Debug|Any CPU.Build.0 = Debug|Any CPU
		{80AAFE60-1878-4C25-A3FC-DE73F86EA7F1}.Release|Any CPU.ActiveCfg = Release|Any CPU
		{80AAFE60-1878-4C25-A3FC-DE73F86EA7F1}.Release|Any CPU.Build.0 = Release|Any CPU
		{8A4E126D-729E-456B-8DB1-F67AC5ED6969}.Debug|Any CPU.ActiveCfg = Debug|Any CPU
		{8A4E126D-729E-456B-8DB1-F67AC5ED6969}.Debug|Any CPU.Build.0 = Debug|Any CPU
		{8A4E126D-729E-456B-8DB1-F67AC5ED6969}.Release|Any CPU.ActiveCfg = Release|Any CPU
		{8A4E126D-729E-456B-8DB1-F67AC5ED6969}.Release|Any CPU.Build.0 = Release|Any CPU
		{7F76D973-0545-4722-8DD6-4B7198F52456}.Debug|Any CPU.ActiveCfg = Debug|Any CPU
		{7F76D973-0545-4722-8DD6-4B7198F52456}.Debug|Any CPU.Build.0 = Debug|Any CPU
		{7F76D973-0545-4722-8DD6-4B7198F52456}.Release|Any CPU.ActiveCfg = Release|Any CPU
		{7F76D973-0545-4722-8DD6-4B7198F52456}.Release|Any CPU.Build.0 = Release|Any CPU
		{9CEDC4C1-1D60-4C76-953F-F23396F4AF3E}.Debug|Any CPU.ActiveCfg = Debug|Any CPU
		{9CEDC4C1-1D60-4C76-953F-F23396F4AF3E}.Debug|Any CPU.Build.0 = Debug|Any CPU
		{9CEDC4C1-1D60-4C76-953F-F23396F4AF3E}.Release|Any CPU.ActiveCfg = Release|Any CPU
		{9CEDC4C1-1D60-4C76-953F-F23396F4AF3E}.Release|Any CPU.Build.0 = Release|Any CPU
		{9444516F-9DC0-4FD4-A687-B7685001344E}.Debug|Any CPU.ActiveCfg = Debug|Any CPU
		{9444516F-9DC0-4FD4-A687-B7685001344E}.Debug|Any CPU.Build.0 = Debug|Any CPU
		{9444516F-9DC0-4FD4-A687-B7685001344E}.Release|Any CPU.ActiveCfg = Release|Any CPU
		{9444516F-9DC0-4FD4-A687-B7685001344E}.Release|Any CPU.Build.0 = Release|Any CPU
		{5A4C7BB2-33C2-4A58-B40C-8B9B67061BD2}.Debug|Any CPU.ActiveCfg = Debug|Any CPU
		{5A4C7BB2-33C2-4A58-B40C-8B9B67061BD2}.Debug|Any CPU.Build.0 = Debug|Any CPU
		{5A4C7BB2-33C2-4A58-B40C-8B9B67061BD2}.Release|Any CPU.ActiveCfg = Release|Any CPU
		{5A4C7BB2-33C2-4A58-B40C-8B9B67061BD2}.Release|Any CPU.Build.0 = Release|Any CPU
		{88B48603-1215-47C3-8D35-21B7ECD0DDB6}.Debug|Any CPU.ActiveCfg = Debug|Any CPU
		{88B48603-1215-47C3-8D35-21B7ECD0DDB6}.Debug|Any CPU.Build.0 = Debug|Any CPU
		{88B48603-1215-47C3-8D35-21B7ECD0DDB6}.Release|Any CPU.ActiveCfg = Release|Any CPU
		{88B48603-1215-47C3-8D35-21B7ECD0DDB6}.Release|Any CPU.Build.0 = Release|Any CPU
		{C7ED6156-71F1-4B66-A8D8-EF5257A92E9C}.Debug|Any CPU.ActiveCfg = Debug|Any CPU
		{C7ED6156-71F1-4B66-A8D8-EF5257A92E9C}.Debug|Any CPU.Build.0 = Debug|Any CPU
		{C7ED6156-71F1-4B66-A8D8-EF5257A92E9C}.Release|Any CPU.ActiveCfg = Release|Any CPU
		{C7ED6156-71F1-4B66-A8D8-EF5257A92E9C}.Release|Any CPU.Build.0 = Release|Any CPU
		{E44C66E8-8FD9-41FF-86DF-5A3F7485C07E}.Debug|Any CPU.ActiveCfg = Debug|Any CPU
		{E44C66E8-8FD9-41FF-86DF-5A3F7485C07E}.Debug|Any CPU.Build.0 = Debug|Any CPU
		{E44C66E8-8FD9-41FF-86DF-5A3F7485C07E}.Release|Any CPU.ActiveCfg = Release|Any CPU
		{E44C66E8-8FD9-41FF-86DF-5A3F7485C07E}.Release|Any CPU.Build.0 = Release|Any CPU
		{F8EC88D1-607C-4848-A0DE-8D4DC4C22A80}.Debug|Any CPU.ActiveCfg = Debug|Any CPU
		{F8EC88D1-607C-4848-A0DE-8D4DC4C22A80}.Debug|Any CPU.Build.0 = Debug|Any CPU
		{F8EC88D1-607C-4848-A0DE-8D4DC4C22A80}.Release|Any CPU.ActiveCfg = Release|Any CPU
		{F8EC88D1-607C-4848-A0DE-8D4DC4C22A80}.Release|Any CPU.Build.0 = Release|Any CPU
		{F1F9EC26-4716-4ACF-84BA-9299ED9C44ED}.Debug|Any CPU.ActiveCfg = Debug|Any CPU
		{F1F9EC26-4716-4ACF-84BA-9299ED9C44ED}.Debug|Any CPU.Build.0 = Debug|Any CPU
		{F1F9EC26-4716-4ACF-84BA-9299ED9C44ED}.Release|Any CPU.ActiveCfg = Release|Any CPU
		{F1F9EC26-4716-4ACF-84BA-9299ED9C44ED}.Release|Any CPU.Build.0 = Release|Any CPU
		{53E75506-5112-4DE3-9FE3-85F6ADBB8C63}.Debug|Any CPU.ActiveCfg = Debug|Any CPU
		{53E75506-5112-4DE3-9FE3-85F6ADBB8C63}.Debug|Any CPU.Build.0 = Debug|Any CPU
		{53E75506-5112-4DE3-9FE3-85F6ADBB8C63}.Release|Any CPU.ActiveCfg = Release|Any CPU
		{53E75506-5112-4DE3-9FE3-85F6ADBB8C63}.Release|Any CPU.Build.0 = Release|Any CPU
		{93DA503B-484E-4F0B-A23F-E8967A374A31}.Debug|Any CPU.ActiveCfg = Debug|Any CPU
		{93DA503B-484E-4F0B-A23F-E8967A374A31}.Debug|Any CPU.Build.0 = Debug|Any CPU
		{93DA503B-484E-4F0B-A23F-E8967A374A31}.Release|Any CPU.ActiveCfg = Release|Any CPU
		{93DA503B-484E-4F0B-A23F-E8967A374A31}.Release|Any CPU.Build.0 = Release|Any CPU
		{3B43C3DF-75FB-4870-A6CD-5A3258BEDEC1}.Debug|Any CPU.ActiveCfg = Debug|Any CPU
		{3B43C3DF-75FB-4870-A6CD-5A3258BEDEC1}.Debug|Any CPU.Build.0 = Debug|Any CPU
		{3B43C3DF-75FB-4870-A6CD-5A3258BEDEC1}.Release|Any CPU.ActiveCfg = Release|Any CPU
		{3B43C3DF-75FB-4870-A6CD-5A3258BEDEC1}.Release|Any CPU.Build.0 = Release|Any CPU
		{2AC1DCB7-C7A2-484E-A844-0A99F662257E}.Debug|Any CPU.ActiveCfg = Debug|Any CPU
		{2AC1DCB7-C7A2-484E-A844-0A99F662257E}.Debug|Any CPU.Build.0 = Debug|Any CPU
		{2AC1DCB7-C7A2-484E-A844-0A99F662257E}.Release|Any CPU.ActiveCfg = Release|Any CPU
		{2AC1DCB7-C7A2-484E-A844-0A99F662257E}.Release|Any CPU.Build.0 = Release|Any CPU
		{4B391778-6A66-48A5-9B1E-F9ABA46B8C5E}.Debug|Any CPU.ActiveCfg = Debug|Any CPU
		{4B391778-6A66-48A5-9B1E-F9ABA46B8C5E}.Debug|Any CPU.Build.0 = Debug|Any CPU
		{4B391778-6A66-48A5-9B1E-F9ABA46B8C5E}.Release|Any CPU.ActiveCfg = Release|Any CPU
		{4B391778-6A66-48A5-9B1E-F9ABA46B8C5E}.Release|Any CPU.Build.0 = Release|Any CPU
		{755BA441-24FE-4FC7-9973-735F560FDECA}.Debug|Any CPU.ActiveCfg = Debug|Any CPU
		{755BA441-24FE-4FC7-9973-735F560FDECA}.Debug|Any CPU.Build.0 = Debug|Any CPU
		{755BA441-24FE-4FC7-9973-735F560FDECA}.Release|Any CPU.ActiveCfg = Release|Any CPU
		{755BA441-24FE-4FC7-9973-735F560FDECA}.Release|Any CPU.Build.0 = Release|Any CPU
		{9ABCAAAF-5D7F-4012-96B9-CE212F9C7F53}.Debug|Any CPU.ActiveCfg = Debug|Any CPU
		{9ABCAAAF-5D7F-4012-96B9-CE212F9C7F53}.Debug|Any CPU.Build.0 = Debug|Any CPU
		{9ABCAAAF-5D7F-4012-96B9-CE212F9C7F53}.Release|Any CPU.ActiveCfg = Release|Any CPU
		{9ABCAAAF-5D7F-4012-96B9-CE212F9C7F53}.Release|Any CPU.Build.0 = Release|Any CPU
		{36315A57-D72A-40BF-BA37-B0D11E5C016C}.Debug|Any CPU.ActiveCfg = Debug|Any CPU
		{36315A57-D72A-40BF-BA37-B0D11E5C016C}.Debug|Any CPU.Build.0 = Debug|Any CPU
		{36315A57-D72A-40BF-BA37-B0D11E5C016C}.Release|Any CPU.ActiveCfg = Release|Any CPU
		{36315A57-D72A-40BF-BA37-B0D11E5C016C}.Release|Any CPU.Build.0 = Release|Any CPU
		{14D8568F-E5DD-4304-861B-37CD3EADD5E5}.Debug|Any CPU.ActiveCfg = Debug|Any CPU
		{14D8568F-E5DD-4304-861B-37CD3EADD5E5}.Debug|Any CPU.Build.0 = Debug|Any CPU
		{14D8568F-E5DD-4304-861B-37CD3EADD5E5}.Release|Any CPU.ActiveCfg = Release|Any CPU
		{14D8568F-E5DD-4304-861B-37CD3EADD5E5}.Release|Any CPU.Build.0 = Release|Any CPU
		{E49AC47A-F621-4AA4-982A-98EB55244B53}.Debug|Any CPU.ActiveCfg = Debug|Any CPU
		{E49AC47A-F621-4AA4-982A-98EB55244B53}.Debug|Any CPU.Build.0 = Debug|Any CPU
		{E49AC47A-F621-4AA4-982A-98EB55244B53}.Release|Any CPU.ActiveCfg = Release|Any CPU
		{E49AC47A-F621-4AA4-982A-98EB55244B53}.Release|Any CPU.Build.0 = Release|Any CPU
		{206ED235-0FDC-4FC8-A3A2-12C47B167C6A}.Debug|Any CPU.ActiveCfg = Debug|Any CPU
		{206ED235-0FDC-4FC8-A3A2-12C47B167C6A}.Debug|Any CPU.Build.0 = Debug|Any CPU
		{206ED235-0FDC-4FC8-A3A2-12C47B167C6A}.Release|Any CPU.ActiveCfg = Release|Any CPU
		{206ED235-0FDC-4FC8-A3A2-12C47B167C6A}.Release|Any CPU.Build.0 = Release|Any CPU
		{76A7BB13-3645-4379-BC83-93638212A271}.Debug|Any CPU.ActiveCfg = Debug|Any CPU
		{76A7BB13-3645-4379-BC83-93638212A271}.Debug|Any CPU.Build.0 = Debug|Any CPU
		{76A7BB13-3645-4379-BC83-93638212A271}.Release|Any CPU.ActiveCfg = Release|Any CPU
		{76A7BB13-3645-4379-BC83-93638212A271}.Release|Any CPU.Build.0 = Release|Any CPU
		{7E478869-5E75-4345-9E0A-ADA63F39BB79}.Debug|Any CPU.ActiveCfg = Debug|Any CPU
		{7E478869-5E75-4345-9E0A-ADA63F39BB79}.Debug|Any CPU.Build.0 = Debug|Any CPU
		{7E478869-5E75-4345-9E0A-ADA63F39BB79}.Release|Any CPU.ActiveCfg = Release|Any CPU
		{7E478869-5E75-4345-9E0A-ADA63F39BB79}.Release|Any CPU.Build.0 = Release|Any CPU
		{0723EA9E-E37E-4D98-AE96-82D442847B7F}.Debug|Any CPU.ActiveCfg = Debug|Any CPU
		{0723EA9E-E37E-4D98-AE96-82D442847B7F}.Debug|Any CPU.Build.0 = Debug|Any CPU
		{0723EA9E-E37E-4D98-AE96-82D442847B7F}.Release|Any CPU.ActiveCfg = Release|Any CPU
		{0723EA9E-E37E-4D98-AE96-82D442847B7F}.Release|Any CPU.Build.0 = Release|Any CPU
		{E82DD691-D2DB-4129-A1A9-0C219B809F78}.Debug|Any CPU.ActiveCfg = Debug|Any CPU
		{E82DD691-D2DB-4129-A1A9-0C219B809F78}.Debug|Any CPU.Build.0 = Debug|Any CPU
		{E82DD691-D2DB-4129-A1A9-0C219B809F78}.Release|Any CPU.ActiveCfg = Release|Any CPU
		{E82DD691-D2DB-4129-A1A9-0C219B809F78}.Release|Any CPU.Build.0 = Release|Any CPU
		{DA5B55F1-FEF6-4903-939F-86963B8AD373}.Debug|Any CPU.ActiveCfg = Debug|Any CPU
		{DA5B55F1-FEF6-4903-939F-86963B8AD373}.Debug|Any CPU.Build.0 = Debug|Any CPU
		{DA5B55F1-FEF6-4903-939F-86963B8AD373}.Release|Any CPU.ActiveCfg = Release|Any CPU
		{DA5B55F1-FEF6-4903-939F-86963B8AD373}.Release|Any CPU.Build.0 = Release|Any CPU
		{6B7E18AC-E7F8-4BD6-882F-4E8B1EBF69AC}.Debug|Any CPU.ActiveCfg = Debug|Any CPU
		{6B7E18AC-E7F8-4BD6-882F-4E8B1EBF69AC}.Debug|Any CPU.Build.0 = Debug|Any CPU
		{6B7E18AC-E7F8-4BD6-882F-4E8B1EBF69AC}.Release|Any CPU.ActiveCfg = Release|Any CPU
		{6B7E18AC-E7F8-4BD6-882F-4E8B1EBF69AC}.Release|Any CPU.Build.0 = Release|Any CPU
		{D18662A6-E57B-45A0-BB99-611E5C44E808}.Debug|Any CPU.ActiveCfg = Debug|Any CPU
		{D18662A6-E57B-45A0-BB99-611E5C44E808}.Debug|Any CPU.Build.0 = Debug|Any CPU
		{D18662A6-E57B-45A0-BB99-611E5C44E808}.Release|Any CPU.ActiveCfg = Release|Any CPU
		{D18662A6-E57B-45A0-BB99-611E5C44E808}.Release|Any CPU.Build.0 = Release|Any CPU
		{03B8D11E-907B-45E2-8CA8-C1F6B880B144}.Debug|Any CPU.ActiveCfg = Debug|Any CPU
		{03B8D11E-907B-45E2-8CA8-C1F6B880B144}.Debug|Any CPU.Build.0 = Debug|Any CPU
		{03B8D11E-907B-45E2-8CA8-C1F6B880B144}.Release|Any CPU.ActiveCfg = Release|Any CPU
		{03B8D11E-907B-45E2-8CA8-C1F6B880B144}.Release|Any CPU.Build.0 = Release|Any CPU
		{A11A312C-97C4-4542-AA27-DF6D87EB22D2}.Debug|Any CPU.ActiveCfg = Debug|Any CPU
		{A11A312C-97C4-4542-AA27-DF6D87EB22D2}.Debug|Any CPU.Build.0 = Debug|Any CPU
		{A11A312C-97C4-4542-AA27-DF6D87EB22D2}.Release|Any CPU.ActiveCfg = Release|Any CPU
		{A11A312C-97C4-4542-AA27-DF6D87EB22D2}.Release|Any CPU.Build.0 = Release|Any CPU
		{B886EB48-F6EE-4920-8BC9-0019994C34C2}.Debug|Any CPU.ActiveCfg = Debug|Any CPU
		{B886EB48-F6EE-4920-8BC9-0019994C34C2}.Debug|Any CPU.Build.0 = Debug|Any CPU
		{B886EB48-F6EE-4920-8BC9-0019994C34C2}.Release|Any CPU.ActiveCfg = Release|Any CPU
		{B886EB48-F6EE-4920-8BC9-0019994C34C2}.Release|Any CPU.Build.0 = Release|Any CPU
		{AE8C494C-FF0C-4ED1-A81E-DBC27E8E3113}.Debug|Any CPU.ActiveCfg = Debug|Any CPU
		{AE8C494C-FF0C-4ED1-A81E-DBC27E8E3113}.Debug|Any CPU.Build.0 = Debug|Any CPU
		{AE8C494C-FF0C-4ED1-A81E-DBC27E8E3113}.Release|Any CPU.ActiveCfg = Release|Any CPU
		{AE8C494C-FF0C-4ED1-A81E-DBC27E8E3113}.Release|Any CPU.Build.0 = Release|Any CPU
		{E56BB5F7-CF50-4B5B-A695-FCB5EF7306B9}.Debug|Any CPU.ActiveCfg = Debug|Any CPU
		{E56BB5F7-CF50-4B5B-A695-FCB5EF7306B9}.Debug|Any CPU.Build.0 = Debug|Any CPU
		{E56BB5F7-CF50-4B5B-A695-FCB5EF7306B9}.Release|Any CPU.ActiveCfg = Release|Any CPU
		{E56BB5F7-CF50-4B5B-A695-FCB5EF7306B9}.Release|Any CPU.Build.0 = Release|Any CPU
		{BADF2EFE-7512-4B9B-A923-5D13128C4F88}.Debug|Any CPU.ActiveCfg = Debug|Any CPU
		{BADF2EFE-7512-4B9B-A923-5D13128C4F88}.Debug|Any CPU.Build.0 = Debug|Any CPU
		{BADF2EFE-7512-4B9B-A923-5D13128C4F88}.Release|Any CPU.ActiveCfg = Release|Any CPU
		{BADF2EFE-7512-4B9B-A923-5D13128C4F88}.Release|Any CPU.Build.0 = Release|Any CPU
	EndGlobalSection
	GlobalSection(SolutionProperties) = preSolution
		HideSolutionNode = FALSE
	EndGlobalSection
	GlobalSection(ExtensibilityGlobals) = postSolution
		SolutionGuid = {DAE0FE41-29F0-4F4B-9E03-88C7383A349D}
	EndGlobalSection
EndGlobal
